
Microsoft Visual Studio Solution File, Format Version 12.00
# Visual Studio 15
Project("{FAE04EC0-301F-11D3-BF4B-00C04F79EFBC}") = "Assembly-CSharp", "Assembly-CSharp.csproj", "{DB742D6D-6009-07B5-5A27-B910C1F8CA22}"
EndProject
Project("{FAE04EC0-301F-11D3-BF4B-00C04F79EFBC}") = "Assembly-CSharp-Editor", "Assembly-CSharp-Editor.csproj", "{32B5BCF3-5712-814D-CCF6-6BDCF1B84B8E}"
EndProject
Global
	GlobalSection(SolutionConfigurationPlatforms) = preSolution
		Debug|Any CPU = Debug|Any CPU
		Release|Any CPU = Release|Any CPU
	EndGlobalSection
	GlobalSection(ProjectConfigurationPlatforms) = postSolution
		{DB742D6D-6009-07B5-5A27-B910C1F8CA22}.Debug|Any CPU.ActiveCfg = Debug|Any CPU
		{DB742D6D-6009-07B5-5A27-B910C1F8CA22}.Debug|Any CPU.Build.0 = Debug|Any CPU
		{DB742D6D-6009-07B5-5A27-B910C1F8CA22}.Release|Any CPU.ActiveCfg = Release|Any CPU
		{DB742D6D-6009-07B5-5A27-B910C1F8CA22}.Release|Any CPU.Build.0 = Release|Any CPU
		{32B5BCF3-5712-814D-CCF6-6BDCF1B84B8E}.Debug|Any CPU.ActiveCfg = Debug|Any CPU
		{32B5BCF3-5712-814D-CCF6-6BDCF1B84B8E}.Debug|Any CPU.Build.0 = Debug|Any CPU
		{32B5BCF3-5712-814D-CCF6-6BDCF1B84B8E}.Release|Any CPU.ActiveCfg = Release|Any CPU
		{32B5BCF3-5712-814D-CCF6-6BDCF1B84B8E}.Release|Any CPU.Build.0 = Release|Any CPU
	EndGlobalSection
	GlobalSection(SolutionProperties) = preSolution
		HideSolutionNode = FALSE
	EndGlobalSection
EndGlobal
